
Microsoft Visual Studio Solution File, Format Version 12.00
# Visual Studio Version 16
VisualStudioVersion = 16.0.30804.86
MinimumVisualStudioVersion = 10.0.40219.1
Project("{FAE04EC0-301F-11D3-BF4B-00C04F79EFBC}") = "SteamCMD-GUI_Rewrite", "SteamCMD-GUI_Rewrite.csproj", "{0885576D-6552-41FA-AF9D-CD62EF774087}"
EndProject
Global
	GlobalSection(SolutionConfigurationPlatforms) = preSolution
		Debug|Any CPU = Debug|Any CPU
		Release|Any CPU = Release|Any CPU
	EndGlobalSection
	GlobalSection(ProjectConfigurationPlatforms) = postSolution
		{0885576D-6552-41FA-AF9D-CD62EF774087}.Debug|Any CPU.ActiveCfg = Debug|Any CPU
		{0885576D-6552-41FA-AF9D-CD62EF774087}.Debug|Any CPU.Build.0 = Debug|Any CPU
		{0885576D-6552-41FA-AF9D-CD62EF774087}.Release|Any CPU.ActiveCfg = Release|Any CPU
		{0885576D-6552-41FA-AF9D-CD62EF774087}.Release|Any CPU.Build.0 = Release|Any CPU
	EndGlobalSection
	GlobalSection(SolutionProperties) = preSolution
		HideSolutionNode = FALSE
	EndGlobalSection
	GlobalSection(ExtensibilityGlobals) = postSolution
		SolutionGuid = {B687DBA3-D7AD-4F41-956A-61D8689F38C0}
	EndGlobalSection
EndGlobal
